<?xml version="1.0" encoding="UTF-8"?>
<!DOCTYPE plist PUBLIC "-//Apple//DTD PLIST 1.0//EN" "http://www.apple.com/DTDs/PropertyList-1.0.dtd">
<plist version="1.0">
<dict>
	<key>archiveVersion</key>
	<string>1</string>
	<key>classes</key>
	<dict/>
	<key>objectVersion</key>
	<string>46</string>
	<key>objects</key>
	<dict>
		<key>116A72DAF26047B69528D445</key>
		<dict>
			<key>buildActionMask</key>
			<string>2147483647</string>
			<key>files</key>
			<array/>
			<key>inputPaths</key>
			<array/>
			<key>isa</key>
			<string>PBXShellScriptBuildPhase</string>
			<key>name</key>
			<string>Check Pods Manifest.lock</string>
			<key>outputPaths</key>
			<array/>
			<key>runOnlyForDeploymentPostprocessing</key>
			<string>0</string>
			<key>shellPath</key>
			<string>/bin/sh</string>
			<key>shellScript</key>
			<string>diff "${PODS_ROOT}/../Podfile.lock" "${PODS_ROOT}/Manifest.lock" &gt; /dev/null
if [[ $? != 0 ]] ; then
    cat &lt;&lt; EOM
error: The sandbox is not in sync with the Podfile.lock. Run 'pod install' or update your CocoaPods installation.
EOM
    exit 1
fi
</string>
			<key>showEnvVarsInLog</key>
			<string>0</string>
		</dict>
		<key>124593F816A3F38D0036CEDC</key>
		<dict>
			<key>fileEncoding</key>
			<string>4</string>
			<key>isa</key>
			<string>PBXFileReference</string>
			<key>lastKnownFileType</key>
			<string>sourcecode.c.h</string>
			<key>path</key>
			<string>CBCustomCell.h</string>
			<key>sourceTree</key>
			<string>&lt;group&gt;</string>
		</dict>
		<key>124593F916A3F38D0036CEDC</key>
		<dict>
			<key>fileEncoding</key>
			<string>4</string>
			<key>isa</key>
			<string>PBXFileReference</string>
			<key>lastKnownFileType</key>
			<string>sourcecode.c.objc</string>
			<key>path</key>
			<string>CBCustomCell.m</string>
			<key>sourceTree</key>
			<string>&lt;group&gt;</string>
		</dict>
		<key>124593FA16A3F38D0036CEDC</key>
		<dict>
			<key>fileRef</key>
			<string>124593F916A3F38D0036CEDC</string>
			<key>isa</key>
			<string>PBXBuildFile</string>
		</dict>
		<key>12819B501665D6350024FBB3</key>
		<dict>
			<key>children</key>
			<array>
				<string>12819B651665D6350024FBB3</string>
				<string>12819B5E1665D6350024FBB3</string>
				<string>12819B5C1665D6350024FBB3</string>
				<string>5E202B31461C4B728B5B1A75</string>
			</array>
			<key>isa</key>
			<string>PBXGroup</string>
			<key>sourceTree</key>
			<string>&lt;group&gt;</string>
		</dict>
		<key>12819B521665D6350024FBB3</key>
		<dict>
			<key>attributes</key>
			<dict>
				<key>CLASSPREFIX</key>
				<string>CB</string>
				<key>LastUpgradeCheck</key>
				<string>0450</string>
				<key>ORGANIZATIONNAME</key>
				<string>yuxin2018@gmail.com</string>
			</dict>
			<key>buildConfigurationList</key>
			<string>12819B551665D6350024FBB3</string>
			<key>compatibilityVersion</key>
			<string>Xcode 3.2</string>
			<key>developmentRegion</key>
			<string>English</string>
			<key>hasScannedForEncodings</key>
			<string>0</string>
			<key>isa</key>
			<string>PBXProject</string>
			<key>knownRegions</key>
			<array>
				<string>en</string>
			</array>
			<key>mainGroup</key>
			<string>12819B501665D6350024FBB3</string>
			<key>productRefGroup</key>
			<string>12819B5C1665D6350024FBB3</string>
			<key>projectDirPath</key>
			<string></string>
			<key>projectReferences</key>
			<array/>
			<key>projectRoot</key>
			<string></string>
			<key>targets</key>
			<array>
				<string>12819B5A1665D6350024FBB3</string>
			</array>
		</dict>
		<key>12819B551665D6350024FBB3</key>
		<dict>
			<key>buildConfigurations</key>
			<array>
				<string>12819B771665D6350024FBB3</string>
				<string>12819B781665D6350024FBB3</string>
			</array>
			<key>defaultConfigurationIsVisible</key>
			<string>0</string>
			<key>defaultConfigurationName</key>
			<string>Release</string>
			<key>isa</key>
			<string>XCConfigurationList</string>
		</dict>
		<key>12819B571665D6350024FBB3</key>
		<dict>
			<key>buildActionMask</key>
			<string>2147483647</string>
			<key>files</key>
			<array>
				<string>12819B6C1665D6350024FBB3</string>
				<string>12819B701665D6350024FBB3</string>
				<string>12819B801665D67E0024FBB3</string>
				<string>12894E80168D3AFE00AB9108</string>
				<string>124593FA16A3F38D0036CEDC</string>
			</array>
			<key>isa</key>
			<string>PBXSourcesBuildPhase</string>
			<key>runOnlyForDeploymentPostprocessing</key>
			<string>0</string>
		</dict>
		<key>12819B581665D6350024FBB3</key>
		<dict>
			<key>buildActionMask</key>
			<string>2147483647</string>
			<key>files</key>
			<array>
				<string>12819B601665D6350024FBB3</string>
				<string>12819B621665D6350024FBB3</string>
				<string>12819B641665D6350024FBB3</string>
				<string>12992BA716ABE207002777D0</string>
				<string>FA129A0CEC444EAC95F00CC3</string>
			</array>
			<key>isa</key>
			<string>PBXFrameworksBuildPhase</string>
			<key>runOnlyForDeploymentPostprocessing</key>
			<string>0</string>
		</dict>
		<key>12819B591665D6350024FBB3</key>
		<dict>
			<key>buildActionMask</key>
			<string>2147483647</string>
			<key>files</key>
			<array>
				<string>12819B6A1665D6350024FBB3</string>
				<string>12819B721665D6350024FBB3</string>
				<string>12819B741665D6350024FBB3</string>
				<string>12819B761665D6350024FBB3</string>
			</array>
			<key>isa</key>
			<string>PBXResourcesBuildPhase</string>
			<key>runOnlyForDeploymentPostprocessing</key>
			<string>0</string>
		</dict>
		<key>12819B5A1665D6350024FBB3</key>
		<dict>
			<key>buildConfigurationList</key>
			<string>12819B791665D6350024FBB3</string>
			<key>buildPhases</key>
			<array>
				<string>116A72DAF26047B69528D445</string>
				<string>12819B571665D6350024FBB3</string>
				<string>12819B581665D6350024FBB3</string>
				<string>12819B591665D6350024FBB3</string>
				<string>12992BA416ABE1F5002777D0</string>
				<string>7FFE44FE50BB426992501715</string>
			</array>
			<key>buildRules</key>
			<array/>
			<key>dependencies</key>
			<array/>
			<key>isa</key>
			<string>PBXNativeTarget</string>
			<key>name</key>
			<string>Cookbook</string>
			<key>productName</key>
			<string>Cookbook</string>
			<key>productReference</key>
			<string>12819B5B1665D6350024FBB3</string>
			<key>productType</key>
			<string>com.apple.product-type.application</string>
		</dict>
		<key>12819B5B1665D6350024FBB3</key>
		<dict>
			<key>explicitFileType</key>
			<string>wrapper.application</string>
			<key>includeInIndex</key>
			<string>0</string>
			<key>isa</key>
			<string>PBXFileReference</string>
			<key>path</key>
			<string>Cookbook.app</string>
			<key>sourceTree</key>
			<string>BUILT_PRODUCTS_DIR</string>
		</dict>
		<key>12819B5C1665D6350024FBB3</key>
		<dict>
			<key>children</key>
			<array>
				<string>12819B5B1665D6350024FBB3</string>
			</array>
			<key>isa</key>
			<string>PBXGroup</string>
			<key>name</key>
			<string>Products</string>
			<key>sourceTree</key>
			<string>&lt;group&gt;</string>
		</dict>
		<key>12819B5E1665D6350024FBB3</key>
		<dict>
			<key>children</key>
			<array>
				<string>12992BA616ABE207002777D0</string>
				<string>12819B5F1665D6350024FBB3</string>
				<string>12819B611665D6350024FBB3</string>
				<string>12819B631665D6350024FBB3</string>
				<string>C7A16D0497F448E185A95FA6</string>
			</array>
			<key>isa</key>
			<string>PBXGroup</string>
			<key>name</key>
			<string>Frameworks</string>
			<key>sourceTree</key>
			<string>&lt;group&gt;</string>
		</dict>
		<key>12819B5F1665D6350024FBB3</key>
		<dict>
			<key>isa</key>
			<string>PBXFileReference</string>
			<key>lastKnownFileType</key>
			<string>wrapper.framework</string>
			<key>name</key>
			<string>UIKit.framework</string>
			<key>path</key>
			<string>System/Library/Frameworks/UIKit.framework</string>
			<key>sourceTree</key>
			<string>SDKROOT</string>
		</dict>
		<key>12819B601665D6350024FBB3</key>
		<dict>
			<key>fileRef</key>
			<string>12819B5F1665D6350024FBB3</string>
			<key>isa</key>
			<string>PBXBuildFile</string>
		</dict>
		<key>12819B611665D6350024FBB3</key>
		<dict>
			<key>isa</key>
			<string>PBXFileReference</string>
			<key>lastKnownFileType</key>
			<string>wrapper.framework</string>
			<key>name</key>
			<string>Foundation.framework</string>
			<key>path</key>
			<string>System/Library/Frameworks/Foundation.framework</string>
			<key>sourceTree</key>
			<string>SDKROOT</string>
		</dict>
		<key>12819B621665D6350024FBB3</key>
		<dict>
			<key>fileRef</key>
			<string>12819B611665D6350024FBB3</string>
			<key>isa</key>
			<string>PBXBuildFile</string>
		</dict>
		<key>12819B631665D6350024FBB3</key>
		<dict>
			<key>isa</key>
			<string>PBXFileReference</string>
			<key>lastKnownFileType</key>
			<string>wrapper.framework</string>
			<key>name</key>
			<string>CoreGraphics.framework</string>
			<key>path</key>
			<string>System/Library/Frameworks/CoreGraphics.framework</string>
			<key>sourceTree</key>
			<string>SDKROOT</string>
		</dict>
		<key>12819B641665D6350024FBB3</key>
		<dict>
			<key>fileRef</key>
			<string>12819B631665D6350024FBB3</string>
			<key>isa</key>
			<string>PBXBuildFile</string>
		</dict>
		<key>12819B651665D6350024FBB3</key>
		<dict>
			<key>children</key>
			<array>
				<string>12819B6E1665D6350024FBB3</string>
				<string>12819B6F1665D6350024FBB3</string>
				<string>12819B7C1665D6520024FBB3</string>
				<string>12819B661665D6350024FBB3</string>
				<string>124593F816A3F38D0036CEDC</string>
				<string>124593F916A3F38D0036CEDC</string>
			</array>
			<key>isa</key>
			<string>PBXGroup</string>
			<key>path</key>
			<string>Cookbook</string>
			<key>sourceTree</key>
			<string>&lt;group&gt;</string>
		</dict>
		<key>12819B661665D6350024FBB3</key>
		<dict>
			<key>children</key>
			<array>
				<string>12819B671665D6350024FBB3</string>
				<string>12819B681665D6350024FBB3</string>
				<string>12819B6B1665D6350024FBB3</string>
				<string>12819B6D1665D6350024FBB3</string>
				<string>12819B711665D6350024FBB3</string>
				<string>12819B731665D6350024FBB3</string>
				<string>12819B751665D6350024FBB3</string>
			</array>
			<key>isa</key>
			<string>PBXGroup</string>
			<key>name</key>
			<string>Supporting Files</string>
			<key>sourceTree</key>
			<string>&lt;group&gt;</string>
		</dict>
		<key>12819B671665D6350024FBB3</key>
		<dict>
			<key>isa</key>
			<string>PBXFileReference</string>
			<key>lastKnownFileType</key>
			<string>text.plist.xml</string>
			<key>path</key>
			<string>Cookbook-Info.plist</string>
			<key>sourceTree</key>
			<string>&lt;group&gt;</string>
		</dict>
		<key>12819B681665D6350024FBB3</key>
		<dict>
			<key>children</key>
			<array>
				<string>12819B691665D6350024FBB3</string>
			</array>
			<key>isa</key>
			<string>PBXVariantGroup</string>
			<key>name</key>
			<string>InfoPlist.strings</string>
			<key>sourceTree</key>
			<string>&lt;group&gt;</string>
		</dict>
		<key>12819B691665D6350024FBB3</key>
		<dict>
			<key>isa</key>
			<string>PBXFileReference</string>
			<key>lastKnownFileType</key>
			<string>text.plist.strings</string>
			<key>name</key>
			<string>en</string>
			<key>path</key>
			<string>en.lproj/InfoPlist.strings</string>
			<key>sourceTree</key>
			<string>&lt;group&gt;</string>
		</dict>
		<key>12819B6A1665D6350024FBB3</key>
		<dict>
			<key>fileRef</key>
			<string>12819B681665D6350024FBB3</string>
			<key>isa</key>
			<string>PBXBuildFile</string>
		</dict>
		<key>12819B6B1665D6350024FBB3</key>
		<dict>
			<key>isa</key>
			<string>PBXFileReference</string>
			<key>lastKnownFileType</key>
			<string>sourcecode.c.objc</string>
			<key>path</key>
			<string>main.m</string>
			<key>sourceTree</key>
			<string>&lt;group&gt;</string>
		</dict>
		<key>12819B6C1665D6350024FBB3</key>
		<dict>
			<key>fileRef</key>
			<string>12819B6B1665D6350024FBB3</string>
			<key>isa</key>
			<string>PBXBuildFile</string>
		</dict>
		<key>12819B6D1665D6350024FBB3</key>
		<dict>
			<key>isa</key>
			<string>PBXFileReference</string>
			<key>lastKnownFileType</key>
			<string>sourcecode.c.h</string>
			<key>path</key>
			<string>Cookbook-Prefix.pch</string>
			<key>sourceTree</key>
			<string>&lt;group&gt;</string>
		</dict>
		<key>12819B6E1665D6350024FBB3</key>
		<dict>
			<key>isa</key>
			<string>PBXFileReference</string>
			<key>lastKnownFileType</key>
			<string>sourcecode.c.h</string>
			<key>path</key>
			<string>CBAppDelegate.h</string>
			<key>sourceTree</key>
			<string>&lt;group&gt;</string>
		</dict>
		<key>12819B6F1665D6350024FBB3</key>
		<dict>
			<key>isa</key>
			<string>PBXFileReference</string>
			<key>lastKnownFileType</key>
			<string>sourcecode.c.objc</string>
			<key>path</key>
			<string>CBAppDelegate.m</string>
			<key>sourceTree</key>
			<string>&lt;group&gt;</string>
		</dict>
		<key>12819B701665D6350024FBB3</key>
		<dict>
			<key>fileRef</key>
			<string>12819B6F1665D6350024FBB3</string>
			<key>isa</key>
			<string>PBXBuildFile</string>
		</dict>
		<key>12819B711665D6350024FBB3</key>
		<dict>
			<key>isa</key>
			<string>PBXFileReference</string>
			<key>lastKnownFileType</key>
			<string>image.png</string>
			<key>path</key>
			<string>Default.png</string>
			<key>sourceTree</key>
			<string>&lt;group&gt;</string>
		</dict>
		<key>12819B721665D6350024FBB3</key>
		<dict>
			<key>fileRef</key>
			<string>12819B711665D6350024FBB3</string>
			<key>isa</key>
			<string>PBXBuildFile</string>
		</dict>
		<key>12819B731665D6350024FBB3</key>
		<dict>
			<key>isa</key>
			<string>PBXFileReference</string>
			<key>lastKnownFileType</key>
			<string>image.png</string>
			<key>path</key>
			<string>Default@2x.png</string>
			<key>sourceTree</key>
			<string>&lt;group&gt;</string>
		</dict>
		<key>12819B741665D6350024FBB3</key>
		<dict>
			<key>fileRef</key>
			<string>12819B731665D6350024FBB3</string>
			<key>isa</key>
			<string>PBXBuildFile</string>
		</dict>
		<key>12819B751665D6350024FBB3</key>
		<dict>
			<key>isa</key>
			<string>PBXFileReference</string>
			<key>lastKnownFileType</key>
			<string>image.png</string>
			<key>path</key>
			<string>Default-568h@2x.png</string>
			<key>sourceTree</key>
			<string>&lt;group&gt;</string>
		</dict>
		<key>12819B761665D6350024FBB3</key>
		<dict>
			<key>fileRef</key>
			<string>12819B751665D6350024FBB3</string>
			<key>isa</key>
			<string>PBXBuildFile</string>
		</dict>
		<key>12819B771665D6350024FBB3</key>
		<dict>
			<key>buildSettings</key>
			<dict>
				<key>ALWAYS_SEARCH_USER_PATHS</key>
				<string>NO</string>
				<key>CLANG_CXX_LANGUAGE_STANDARD</key>
				<string>gnu++0x</string>
				<key>CLANG_CXX_LIBRARY</key>
				<string>libc++</string>
				<key>CLANG_ENABLE_OBJC_ARC</key>
				<string>YES</string>
				<key>CLANG_WARN_EMPTY_BODY</key>
				<string>YES</string>
				<key>CLANG_WARN__DUPLICATE_METHOD_MATCH</key>
				<string>YES</string>
				<key>CODE_SIGN_IDENTITY[sdk=iphoneos*]</key>
				<string>iPhone Developer</string>
				<key>COPY_PHASE_STRIP</key>
				<string>NO</string>
				<key>GCC_C_LANGUAGE_STANDARD</key>
				<string>gnu99</string>
				<key>GCC_DYNAMIC_NO_PIC</key>
				<string>NO</string>
				<key>GCC_OPTIMIZATION_LEVEL</key>
				<string>0</string>
				<key>GCC_PREPROCESSOR_DEFINITIONS</key>
				<array>
					<string>DEBUG=1</string>
					<string>$(inherited)</string>
				</array>
				<key>GCC_SYMBOLS_PRIVATE_EXTERN</key>
				<string>NO</string>
				<key>GCC_WARN_ABOUT_RETURN_TYPE</key>
				<string>YES</string>
				<key>GCC_WARN_UNINITIALIZED_AUTOS</key>
				<string>YES</string>
				<key>GCC_WARN_UNUSED_VARIABLE</key>
				<string>YES</string>
				<key>IPHONEOS_DEPLOYMENT_TARGET</key>
				<string>6.0</string>
				<key>SDKROOT</key>
				<string>iphoneos</string>
				<key>TARGETED_DEVICE_FAMILY</key>
				<string>1,2</string>
			</dict>
			<key>isa</key>
			<string>XCBuildConfiguration</string>
			<key>name</key>
			<string>Debug</string>
		</dict>
		<key>12819B781665D6350024FBB3</key>
		<dict>
			<key>buildSettings</key>
			<dict>
				<key>ALWAYS_SEARCH_USER_PATHS</key>
				<string>NO</string>
				<key>CLANG_CXX_LANGUAGE_STANDARD</key>
				<string>gnu++0x</string>
				<key>CLANG_CXX_LIBRARY</key>
				<string>libc++</string>
				<key>CLANG_ENABLE_OBJC_ARC</key>
				<string>YES</string>
				<key>CLANG_WARN_EMPTY_BODY</key>
				<string>YES</string>
				<key>CLANG_WARN__DUPLICATE_METHOD_MATCH</key>
				<string>YES</string>
				<key>CODE_SIGN_IDENTITY[sdk=iphoneos*]</key>
				<string>iPhone Developer</string>
				<key>COPY_PHASE_STRIP</key>
				<string>YES</string>
				<key>GCC_C_LANGUAGE_STANDARD</key>
				<string>gnu99</string>
				<key>GCC_WARN_ABOUT_RETURN_TYPE</key>
				<string>YES</string>
				<key>GCC_WARN_UNINITIALIZED_AUTOS</key>
				<string>YES</string>
				<key>GCC_WARN_UNUSED_VARIABLE</key>
				<string>YES</string>
				<key>IPHONEOS_DEPLOYMENT_TARGET</key>
				<string>6.0</string>
				<key>OTHER_CFLAGS</key>
				<string>-DNS_BLOCK_ASSERTIONS=1</string>
				<key>SDKROOT</key>
				<string>iphoneos</string>
				<key>TARGETED_DEVICE_FAMILY</key>
				<string>1,2</string>
				<key>VALIDATE_PRODUCT</key>
				<string>YES</string>
			</dict>
			<key>isa</key>
			<string>XCBuildConfiguration</string>
			<key>name</key>
			<string>Release</string>
		</dict>
		<key>12819B791665D6350024FBB3</key>
		<dict>
			<key>buildConfigurations</key>
			<array>
				<string>12819B7A1665D6350024FBB3</string>
				<string>12819B7B1665D6350024FBB3</string>
			</array>
			<key>defaultConfigurationIsVisible</key>
			<string>0</string>
			<key>defaultConfigurationName</key>
			<string>Release</string>
			<key>isa</key>
			<string>XCConfigurationList</string>
		</dict>
		<key>12819B7A1665D6350024FBB3</key>
		<dict>
			<key>baseConfigurationReference</key>
			<string>5E202B31461C4B728B5B1A75</string>
			<key>buildSettings</key>
			<dict>
				<key>FRAMEWORK_SEARCH_PATHS</key>
				<array>
					<string>$(inherited)</string>
					<string>"$(SRCROOT)"</string>
				</array>
				<key>GCC_PRECOMPILE_PREFIX_HEADER</key>
				<string>YES</string>
				<key>GCC_PREFIX_HEADER</key>
				<string>Cookbook/Cookbook-Prefix.pch</string>
				<key>INFOPLIST_FILE</key>
				<string>Cookbook/Cookbook-Info.plist</string>
				<key>IPHONEOS_DEPLOYMENT_TARGET</key>
				<string>5.0</string>
				<key>PRODUCT_NAME</key>
				<string>$(TARGET_NAME)</string>
				<key>WRAPPER_EXTENSION</key>
				<string>app</string>
			</dict>
			<key>isa</key>
			<string>XCBuildConfiguration</string>
			<key>name</key>
			<string>Debug</string>
		</dict>
		<key>12819B7B1665D6350024FBB3</key>
		<dict>
			<key>baseConfigurationReference</key>
			<string>5E202B31461C4B728B5B1A75</string>
			<key>buildSettings</key>
			<dict>
				<key>FRAMEWORK_SEARCH_PATHS</key>
				<array>
					<string>$(inherited)</string>
					<string>"$(SRCROOT)"</string>
				</array>
				<key>GCC_PRECOMPILE_PREFIX_HEADER</key>
				<string>YES</string>
				<key>GCC_PREFIX_HEADER</key>
				<string>Cookbook/Cookbook-Prefix.pch</string>
				<key>INFOPLIST_FILE</key>
				<string>Cookbook/Cookbook-Info.plist</string>
				<key>IPHONEOS_DEPLOYMENT_TARGET</key>
				<string>5.0</string>
				<key>PRODUCT_NAME</key>
				<string>$(TARGET_NAME)</string>
				<key>WRAPPER_EXTENSION</key>
				<string>app</string>
			</dict>
			<key>isa</key>
			<string>XCBuildConfiguration</string>
			<key>name</key>
			<string>Release</string>
		</dict>
		<key>12819B7C1665D6520024FBB3</key>
		<dict>
			<key>children</key>
			<array>
				<string>12A69BCE177079E7006CE972</string>
				<string>12894E7E168D3AFE00AB9108</string>
				<string>12894E7F168D3AFE00AB9108</string>
				<string>12819B7E1665D67E0024FBB3</string>
				<string>12819B7F1665D67E0024FBB3</string>
			</array>
			<key>isa</key>
			<string>PBXGroup</string>
			<key>path</key>
			<string>Common</string>
			<key>sourceTree</key>
			<string>&lt;group&gt;</string>
		</dict>
		<key>12819B7E1665D67E0024FBB3</key>
		<dict>
			<key>fileEncoding</key>
			<string>4</string>
			<key>isa</key>
			<string>PBXFileReference</string>
			<key>lastKnownFileType</key>
			<string>sourcecode.c.h</string>
			<key>path</key>
			<string>CBCommon.h</string>
			<key>sourceTree</key>
			<string>&lt;group&gt;</string>
		</dict>
		<key>12819B7F1665D67E0024FBB3</key>
		<dict>
			<key>fileEncoding</key>
			<string>4</string>
			<key>isa</key>
			<string>PBXFileReference</string>
			<key>lastKnownFileType</key>
			<string>sourcecode.c.objc</string>
			<key>path</key>
			<string>CBCommon.m</string>
			<key>sourceTree</key>
			<string>&lt;group&gt;</string>
		</dict>
		<key>12819B801665D67E0024FBB3</key>
		<dict>
			<key>fileRef</key>
			<string>12819B7F1665D67E0024FBB3</string>
			<key>isa</key>
			<string>PBXBuildFile</string>
		</dict>
		<key>12894E7E168D3AFE00AB9108</key>
		<dict>
			<key>fileEncoding</key>
			<string>4</string>
			<key>isa</key>
			<string>PBXFileReference</string>
			<key>lastKnownFileType</key>
			<string>sourcecode.c.h</string>
			<key>path</key>
			<string>NSData+Base64.h</string>
			<key>sourceTree</key>
			<string>&lt;group&gt;</string>
		</dict>
		<key>12894E7F168D3AFE00AB9108</key>
		<dict>
			<key>fileEncoding</key>
			<string>4</string>
			<key>isa</key>
			<string>PBXFileReference</string>
			<key>lastKnownFileType</key>
			<string>sourcecode.c.objc</string>
			<key>path</key>
			<string>NSData+Base64.m</string>
			<key>sourceTree</key>
			<string>&lt;group&gt;</string>
		</dict>
		<key>12894E80168D3AFE00AB9108</key>
		<dict>
			<key>fileRef</key>
			<string>12894E7F168D3AFE00AB9108</string>
			<key>isa</key>
			<string>PBXBuildFile</string>
		</dict>
		<key>12992BA416ABE1F5002777D0</key>
		<dict>
			<key>buildActionMask</key>
			<string>2147483647</string>
			<key>files</key>
			<array/>
			<key>inputPaths</key>
			<array/>
			<key>isa</key>
			<string>PBXShellScriptBuildPhase</string>
			<key>outputPaths</key>
			<array/>
			<key>runOnlyForDeploymentPostprocessing</key>
			<string>0</string>
			<key>shellPath</key>
			<string>/bin/sh</string>
			<key>shellScript</key>
			<string>./Crashlytics.framework/run 5d9825bc0a809ef8f20c33fa4ce1b7466161031d</string>
		</dict>
		<key>12992BA616ABE207002777D0</key>
		<dict>
			<key>isa</key>
			<string>PBXFileReference</string>
			<key>lastKnownFileType</key>
			<string>wrapper.framework</string>
			<key>path</key>
			<string>Crashlytics.framework</string>
			<key>sourceTree</key>
			<string>&lt;group&gt;</string>
		</dict>
		<key>12992BA716ABE207002777D0</key>
		<dict>
			<key>fileRef</key>
			<string>12992BA616ABE207002777D0</string>
			<key>isa</key>
			<string>PBXBuildFile</string>
		</dict>
		<key>12A69BCE177079E7006CE972</key>
		<dict>
			<key>fileEncoding</key>
			<string>4</string>
			<key>isa</key>
			<string>PBXFileReference</string>
			<key>lastKnownFileType</key>
			<string>sourcecode.c.h</string>
			<key>path</key>
			<string>CBDefineHeader.h</string>
			<key>sourceTree</key>
			<string>&lt;group&gt;</string>
		</dict>
		<key>5E202B31461C4B728B5B1A75</key>
		<dict>
			<key>includeInIndex</key>
			<string>1</string>
			<key>isa</key>
			<string>PBXFileReference</string>
			<key>lastKnownFileType</key>
			<string>text.xcconfig</string>
			<key>name</key>
			<string>Pods.xcconfig</string>
			<key>path</key>
			<string>Pods/Pods.xcconfig</string>
			<key>sourceTree</key>
			<string>&lt;group&gt;</string>
		</dict>
		<key>7FFE44FE50BB426992501715</key>
		<dict>
			<key>buildActionMask</key>
			<string>2147483647</string>
			<key>files</key>
			<array/>
			<key>inputPaths</key>
			<array/>
			<key>isa</key>
			<string>PBXShellScriptBuildPhase</string>
			<key>name</key>
			<string>Copy Pods Resources</string>
			<key>outputPaths</key>
			<array/>
			<key>runOnlyForDeploymentPostprocessing</key>
			<string>0</string>
			<key>shellPath</key>
			<string>/bin/sh</string>
			<key>shellScript</key>
			<string>"${SRCROOT}/Pods/Pods-resources.sh"
</string>
			<key>showEnvVarsInLog</key>
			<string>0</string>
		</dict>
		<key>C7A16D0497F448E185A95FA6</key>
		<dict>
			<key>explicitFileType</key>
			<string>archive.ar</string>
			<key>includeInIndex</key>
			<string>0</string>
			<key>isa</key>
			<string>PBXFileReference</string>
			<key>path</key>
			<string>libPods.a</string>
			<key>sourceTree</key>
			<string>BUILT_PRODUCTS_DIR</string>
		</dict>
		<key>FA129A0CEC444EAC95F00CC3</key>
		<dict>
			<key>fileRef</key>
			<string>C7A16D0497F448E185A95FA6</string>
			<key>isa</key>
			<string>PBXBuildFile</string>
		</dict>
	</dict>
	<key>rootObject</key>
	<string>12819B521665D6350024FBB3</string>
</dict>
</plist>
